# This file was autogenerated by Stack.
# You should not edit this file by hand.
# For more information, please see the documentation at:
#   https://docs.haskellstack.org/en/stable/lock_files

packages:
- completed:
    hackage: vector-sized-1.1.1.0@sha256:69330ec110ede86ed264ff92de4d184c7cfd320a2a453edd1b535ffe68213d2b,1754
    pantry-tree:
      size: 1039
      sha256: b48a0f4d2ce0d9665d18319041bba98652b47435daac03c3398011292a486894
  original:
    hackage: vector-sized-1.1.1.0
- completed:
    hackage: vty-5.25.1@sha256:45ecd481dc319d68cf5969fc2ff18b22b8ae03f7534d94bd4bc8ad3dfe94fc3b,20267
    pantry-tree:
      size: 4868
      sha256: c54859d2d094eb90862e08b7d9bd80ef6cd16cc4b848d2c682fb4e9ead2187ce
  original:
    hackage: vty-5.25.1
- completed:
    hackage: finite-typelits-0.1.4.2@sha256:d243523297c0526d32e9b7de98e04b79a4227577ddb25d3fecd7981439de243c,720
    pantry-tree:
      size: 285
      sha256: a893d5f2acc17ea0b1f51dbad3eb1d206bed9d041b66284551b3ee3166595a4f
  original:
    hackage: finite-typelits-0.1.4.2
- completed:
    hackage: hmatrix-vector-sized-0.1.1.2@sha256:ecdcdcd3dc94d9e9d4cc08477cc8f02c8ba17aa6ed54d339e0c0f566cad57639,1881
    pantry-tree:
      size: 400
      sha256: bd86e151d1a0b20a2bebe54955486b636521b17f8deeea03dd88feceb4f1aec6
  original:
    hackage: hmatrix-vector-sized-0.1.1.2
- completed:
    hackage: indexed-list-literals-0.2.1.2@sha256:0760e2a86605b5557af7180d4d50e317d75a5a92ca12aaabb6948ce97b7a94ac,2373
    pantry-tree:
      size: 341
      sha256: 4e54f8d033a1f46333274ea3d1b9785c9e4fd225dcddc988c7a41353d9959cd5
  original:
    hackage: indexed-list-literals-0.2.1.2
snapshots:
- completed:
    size: 513872
    url: https://raw.githubusercontent.com/commercialhaskell/stackage-snapshots/master/nightly/2019/6/28.yaml
    sha256: 60d99bc77de2ab71baaf7114873210155f84e8ae78350f113a1e6307a6b1995c
  original: nightly-2019-06-28
